// !$*UTF8*$!
{
	archiveVersion = 1;
	classes = {
	};
	objectVersion = 77;
	objects = {

/* Begin PBXContainerItemProxy section */
		E1BB0BFA2E2EF8E300DB1A6B /* PBXContainerItemProxy */ = {
			isa = PBXContainerItemProxy;
			containerPortal = E1BB0BE22E2EF8E100DB1A6B /* Project object */;
			proxyType = 1;
			remoteGlobalIDString = E1BB0BE92E2EF8E100DB1A6B;
			remoteInfo = left_days;
		};
		E1BB0C042E2EF8E300DB1A6B /* PBXContainerItemProxy */ = {
			isa = PBXContainerItemProxy;
			containerPortal = E1BB0BE22E2EF8E100DB1A6B /* Project object */;
			proxyType = 1;
			remoteGlobalIDString = E1BB0BE92E2EF8E100DB1A6B;
			remoteInfo = left_days;
		};
/* End PBXContainerItemProxy section */

/* Begin PBXFileReference section */
		E1BB0BEA2E2EF8E100DB1A6B /* left_days.app */ = {isa = PBXFileReference; explicitFileType = wrapper.application; includeInIndex = 0; path = left_days.app; sourceTree = BUILT_PRODUCTS_DIR; };
		E1BB0BF92E2EF8E300DB1A6B /* left_daysTests.xctest */ = {isa = PBXFileReference; explicitFileType = wrapper.cfbundle; includeInIndex = 0; path = left_daysTests.xctest; sourceTree = BUILT_PRODUCTS_DIR; };
		E1BB0C032E2EF8E300DB1A6B /* left_daysUITests.xctest */ = {isa = PBXFileReference; explicitFileType = wrapper.cfbundle; includeInIndex = 0; path = left_daysUITests.xctest; sourceTree = BUILT_PRODUCTS_DIR; };
/* End PBXFileReference section */

/* Begin PBXFileSystemSynchronizedRootGroup section */
		E1BB0BEC2E2EF8E100DB1A6B /* left_days */ = {
			isa = PBXFileSystemSynchronizedRootGroup;
			path = left_days;
			sourceTree = "<group>";
		};
		E1BB0BFC2E2EF8E300DB1A6B /* left_daysTests */ = {
			isa = PBXFileSystemSynchronizedRootGroup;
			path = left_daysTests;
			sourceTree = "<group>";
		};
		E1BB0C062E2EF8E300DB1A6B /* left_daysUITests */ = {
			isa = PBXFileSystemSynchronizedRootGroup;
			path = left_daysUITests;
			sourceTree = "<group>";
		};
/* End PBXFileSystemSynchronizedRootGroup section */

/* Begin PBXFrameworksBuildPhase section */
		E1BB0BE72E2EF8E100DB1A6B /* Frameworks */ = {
			isa = PBXFrameworksBuildPhase;
			buildActionMask = 2147483647;
			files = (
			);
			runOnlyForDeploymentPostprocessing = 0;
		};
		E1BB0BF62E2EF8E300DB1A6B /* Frameworks */ = {
			isa = PBXFrameworksBuildPhase;
			buildActionMask = 2147483647;
			files = (
			);
			runOnlyForDeploymentPostprocessing = 0;
		};
		E1BB0C002E2EF8E300DB1A6B /* Frameworks */ = {
			isa = PBXFrameworksBuildPhase;
			buildActionMask = 2147483647;
			files = (
			);
			runOnlyForDeploymentPostprocessing = 0;
		};
/* End PBXFrameworksBuildPhase section */

/* Begin PBXGroup section */
		E1BB0BE12E2EF8E100DB1A6B = {
			isa = PBXGroup;
			children = (
				E1BB0BEC2E2EF8E100DB1A6B /* left_days */,
				E1BB0BFC2E2EF8E300DB1A6B /* left_daysTests */,
				E1BB0C062E2EF8E300DB1A6B /* left_daysUITests */,
				E1BB0BEB2E2EF8E100DB1A6B /* Products */,
			);
			sourceTree = "<group>";
		};
		E1BB0BEB2E2EF8E100DB1A6B /* Products */ = {
			isa = PBXGroup;
			children = (
				E1BB0BEA2E2EF8E100DB1A6B /* left_days.app */,
				E1BB0BF92E2EF8E300DB1A6B /* left_daysTests.xctest */,
				E1BB0C032E2EF8E300DB1A6B /* left_daysUITests.xctest */,
			);
			name = Products;
			sourceTree = "<group>";
		};
/* End PBXGroup section */

/* Begin PBXNativeTarget section */
		E1BB0BE92E2EF8E100DB1A6B /* left_days */ = {
			isa = PBXNativeTarget;
			buildConfigurationList = E1BB0C0D2E2EF8E300DB1A6B /* Build configuration list for PBXNativeTarget "left_days" */;
			buildPhases = (
				E1BB0BE62E2EF8E100DB1A6B /* Sources */,
				E1BB0BE72E2EF8E100DB1A6B /* Frameworks */,
				E1BB0BE82E2EF8E100DB1A6B /* Resources */,
			);
			buildRules = (
			);
			dependencies = (
			);
			fileSystemSynchronizedGroups = (
				E1BB0BEC2E2EF8E100DB1A6B /* left_days */,
			);
			name = left_days;
			packageProductDependencies = (
			);
			productName = left_days;
			productReference = E1BB0BEA2E2EF8E100DB1A6B /* left_days.app */;
			productType = "com.apple.product-type.application";
		};
		E1BB0BF82E2EF8E300DB1A6B /* left_daysTests */ = {
			isa = PBXNativeTarget;
			buildConfigurationList = E1BB0C102E2EF8E300DB1A6B /* Build configuration list for PBXNativeTarget "left_daysTests" */;
			buildPhases = (
				E1BB0BF52E2EF8E300DB1A6B /* Sources */,
				E1BB0BF62E2EF8E300DB1A6B /* Frameworks */,
				E1BB0BF72E2EF8E300DB1A6B /* Resources */,
			);
			buildRules = (
			);
			dependencies = (
				E1BB0BFB2E2EF8E300DB1A6B /* PBXTargetDependency */,
			);
			fileSystemSynchronizedGroups = (
				E1BB0BFC2E2EF8E300DB1A6B /* left_daysTests */,
			);
			name = left_daysTests;
			packageProductDependencies = (
			);
			productName = left_daysTests;
			productReference = E1BB0BF92E2EF8E300DB1A6B /* left_daysTests.xctest */;
			productType = "com.apple.product-type.bundle.unit-test";
		};
		E1BB0C022E2EF8E300DB1A6B /* left_daysUITests */ = {
			isa = PBXNativeTarget;
			buildConfigurationList = E1BB0C132E2EF8E300DB1A6B /* Build configuration list for PBXNativeTarget "left_daysUITests" */;
			buildPhases = (
				E1BB0BFF2E2EF8E300DB1A6B /* Sources */,
				E1BB0C002E2EF8E300DB1A6B /* Frameworks */,
				E1BB0C012E2EF8E300DB1A6B /* Resources */,
			);
			buildRules = (
			);
			dependencies = (
				E1BB0C052E2EF8E300DB1A6B /* PBXTargetDependency */,
			);
			fileSystemSynchronizedGroups = (
				E1BB0C062E2EF8E300DB1A6B /* left_daysUITests */,
			);
			name = left_daysUITests;
			packageProductDependencies = (
			);
			productName = left_daysUITests;
			productReference = E1BB0C032E2EF8E300DB1A6B /* left_daysUITests.xctest */;
			productType = "com.apple.product-type.bundle.ui-testing";
		};
/* End PBXNativeTarget section */

/* Begin PBXProject section */
		E1BB0BE22E2EF8E100DB1A6B /* Project object */ = {
			isa = PBXProject;
			attributes = {
				BuildIndependentTargetsInParallel = 1;
				LastSwiftUpdateCheck = 1640;
				LastUpgradeCheck = 1640;
				TargetAttributes = {
					E1BB0BE92E2EF8E100DB1A6B = {
						CreatedOnToolsVersion = 16.4;
					};
					E1BB0BF82E2EF8E300DB1A6B = {
						CreatedOnToolsVersion = 16.4;
						TestTargetID = E1BB0BE92E2EF8E100DB1A6B;
					};
					E1BB0C022E2EF8E300DB1A6B = {
						CreatedOnToolsVersion = 16.4;
						TestTargetID = E1BB0BE92E2EF8E100DB1A6B;
					};
				};
			};
			buildConfigurationList = E1BB0BE52E2EF8E100DB1A6B /* Build configuration list for PBXProject "left_days" */;
			developmentRegion = en;
			hasScannedForEncodings = 0;
			knownRegions = (
				en,
				Base,
			);
			mainGroup = E1BB0BE12E2EF8E100DB1A6B;
			minimizedProjectReferenceProxies = 1;
			preferredProjectObjectVersion = 77;
			productRefGroup = E1BB0BEB2E2EF8E100DB1A6B /* Products */;
			projectDirPath = "";
			projectRoot = "";
			targets = (
				E1BB0BE92E2EF8E100DB1A6B /* left_days */,
				E1BB0BF82E2EF8E300DB1A6B /* left_daysTests */,
				E1BB0C022E2EF8E300DB1A6B /* left_daysUITests */,
			);
		};
/* End PBXProject section */

/* Begin PBXResourcesBuildPhase section */
		E1BB0BE82E2EF8E100DB1A6B /* Resources */ = {
			isa = PBXResourcesBuildPhase;
			buildActionMask = 2147483647;
			files = (
			);
			runOnlyForDeploymentPostprocessing = 0;
		};
		E1BB0BF72E2EF8E300DB1A6B /* Resources */ = {
			isa = PBXResourcesBuildPhase;
			buildActionMask = 2147483647;
			files = (
			);
			runOnlyForDeploymentPostprocessing = 0;
		};
		E1BB0C012E2EF8E300DB1A6B /* Resources */ = {
			isa = PBXResourcesBuildPhase;
			buildActionMask = 2147483647;
			files = (
			);
			runOnlyForDeploymentPostprocessing = 0;
		};
/* End PBXResourcesBuildPhase section */

/* Begin PBXSourcesBuildPhase section */
		E1BB0BE62E2EF8E100DB1A6B /* Sources */ = {
			isa = PBXSourcesBuildPhase;
			buildActionMask = 2147483647;
			files = (
			);
			runOnlyForDeploymentPostprocessing = 0;
		};
		E1BB0BF52E2EF8E300DB1A6B /* Sources */ = {
			isa = PBXSourcesBuildPhase;
			buildActionMask = 2147483647;
			files = (
			);
			runOnlyForDeploymentPostprocessing = 0;
		};
		E1BB0BFF2E2EF8E300DB1A6B /* Sources */ = {
			isa = PBXSourcesBuildPhase;
			buildActionMask = 2147483647;
			files = (
			);
			runOnlyForDeploymentPostprocessing = 0;
		};
/* End PBXSourcesBuildPhase section */

/* Begin PBXTargetDependency section */
		E1BB0BFB2E2EF8E300DB1A6B /* PBXTargetDependency */ = {
			isa = PBXTargetDependency;
			target = E1BB0BE92E2EF8E100DB1A6B /* left_days */;
			targetProxy = E1BB0BFA2E2EF8E300DB1A6B /* PBXContainerItemProxy */;
		};
		E1BB0C052E2EF8E300DB1A6B /* PBXTargetDependency */ = {
			isa = PBXTargetDependency;
			target = E1BB0BE92E2EF8E100DB1A6B /* left_days */;
			targetProxy = E1BB0C042E2EF8E300DB1A6B /* PBXContainerItemProxy */;
		};
/* End PBXTargetDependency section */

/* Begin XCBuildConfiguration section */
		E1BB0C0B2E2EF8E300DB1A6B /* Debug */ = {
			isa = XCBuildConfiguration;
			buildSettings = {
				ALWAYS_SEARCH_USER_PATHS = NO;
				ASSETCATALOG_COMPILER_GENERATE_SWIFT_ASSET_SYMBOL_EXTENSIONS = YES;
				CLANG_ANALYZER_NONNULL = YES;
				CLANG_ANALYZER_NUMBER_OBJECT_CONVERSION = YES_AGGRESSIVE;
				CLANG_CXX_LANGUAGE_STANDARD = "gnu++20";
				CLANG_ENABLE_MODULES = YES;
				CLANG_ENABLE_OBJC_ARC = YES;
				CLANG_ENABLE_OBJC_WEAK = YES;
				CLANG_WARN_BLOCK_CAPTURE_AUTORELEASING = YES;
				CLANG_WARN_BOOL_CONVERSION = YES;
				CLANG_WARN_COMMA = YES;
				CLANG_WARN_CONSTANT_CONVERSION = YES;
				CLANG_WARN_DEPRECATED_OBJC_IMPLEMENTATIONS = YES;
				CLANG_WARN_DIRECT_OBJC_ISA_USAGE = YES_ERROR;
				CLANG_WARN_DOCUMENTATION_COMMENTS = YES;
				CLANG_WARN_EMPTY_BODY = YES;
				CLANG_WARN_ENUM_CONVERSION = YES;
				CLANG_WARN_INFINITE_RECURSION = YES;
				CLANG_WARN_INT_CONVERSION = YES;
				CLANG_WARN_NON_LITERAL_NULL_CONVERSION = YES;
				CLANG_WARN_OBJC_IMPLICIT_RETAIN_SELF = YES;
				CLANG_WARN_OBJC_LITERAL_CONVERSION = YES;
				CLANG_WARN_OBJC_ROOT_CLASS = YES_ERROR;
				CLANG_WARN_QUOTED_INCLUDE_IN_FRAMEWORK_HEADER = YES;
				CLANG_WARN_RANGE_LOOP_ANALYSIS = YES;
				CLANG_WARN_STRICT_PROTOTYPES = YES;
				CLANG_WARN_SUSPICIOUS_MOVE = YES;
				CLANG_WARN_UNGUARDED_AVAILABILITY = YES_AGGRESSIVE;
				CLANG_WARN_UNREACHABLE_CODE = YES;
				CLANG_WARN__DUPLICATE_METHOD_MATCH = YES;
				COPY_PHASE_STRIP = NO;
				DEBUG_INFORMATION_FORMAT = dwarf;
				ENABLE_STRICT_OBJC_MSGSEND = YES;
				ENABLE_TESTABILITY = YES;
				ENABLE_USER_SCRIPT_SANDBOXING = YES;
				GCC_C_LANGUAGE_STANDARD = gnu17;
				GCC_DYNAMIC_NO_PIC = NO;
				GCC_NO_COMMON_BLOCKS = YES;
				GCC_OPTIMIZATION_LEVEL = 0;
				GCC_PREPROCESSOR_DEFINITIONS = (
					"DEBUG=1",
					"$(inherited)",
				);
				GCC_WARN_64_TO_32_BIT_CONVERSION = YES;
				GCC_WARN_ABOUT_RETURN_TYPE = YES_ERROR;
				GCC_WARN_UNDECLARED_SELECTOR = YES;
				GCC_WARN_UNINITIALIZED_AUTOS = YES_AGGRESSIVE;
				GCC_WARN_UNUSED_FUNCTION = YES;
				GCC_WARN_UNUSED_VARIABLE = YES;
				IPHONEOS_DEPLOYMENT_TARGET = 18.5;
				LOCALIZATION_PREFERS_STRING_CATALOGS = YES;
				MTL_ENABLE_DEBUG_INFO = INCLUDE_SOURCE;
				MTL_FAST_MATH = YES;
				ONLY_ACTIVE_ARCH = YES;
				SDKROOT = iphoneos;
				SWIFT_ACTIVE_COMPILATION_CONDITIONS = "DEBUG $(inherited)";
				SWIFT_OPTIMIZATION_LEVEL = "-Onone";
			};
			name = Debug;
		};
		E1BB0C0C2E2EF8E300DB1A6B /* Release */ = {
			isa = XCBuildConfiguration;
			buildSettings = {
				ALWAYS_SEARCH_USER_PATHS = NO;
				ASSETCATALOG_COMPILER_GENERATE_SWIFT_ASSET_SYMBOL_EXTENSIONS = YES;
				CLANG_ANALYZER_NONNULL = YES;
				CLANG_ANALYZER_NUMBER_OBJECT_CONVERSION = YES_AGGRESSIVE;
				CLANG_CXX_LANGUAGE_STANDARD = "gnu++20";
				CLANG_ENABLE_MODULES = YES;
				CLANG_ENABLE_OBJC_ARC = YES;
				CLANG_ENABLE_OBJC_WEAK = YES;
				CLANG_WARN_BLOCK_CAPTURE_AUTORELEASING = YES;
				CLANG_WARN_BOOL_CONVERSION = YES;
				CLANG_WARN_COMMA = YES;
				CLANG_WARN_CONSTANT_CONVERSION = YES;
				CLANG_WARN_DEPRECATED_OBJC_IMPLEMENTATIONS = YES;
				CLANG_WARN_DIRECT_OBJC_ISA_USAGE = YES_ERROR;
				CLANG_WARN_DOCUMENTATION_COMMENTS = YES;
				CLANG_WARN_EMPTY_BODY = YES;
				CLANG_WARN_ENUM_CONVERSION = YES;
				CLANG_WARN_INFINITE_RECURSION = YES;
				CLANG_WARN_INT_CONVERSION = YES;
				CLANG_WARN_NON_LITERAL_NULL_CONVERSION = YES;
				CLANG_WARN_OBJC_IMPLICIT_RETAIN_SELF = YES;
				CLANG_WARN_OBJC_LITERAL_CONVERSION = YES;
				CLANG_WARN_OBJC_ROOT_CLASS = YES_ERROR;
				CLANG_WARN_QUOTED_INCLUDE_IN_FRAMEWORK_HEADER = YES;
				CLANG_WARN_RANGE_LOOP_ANALYSIS = YES;
				CLANG_WARN_STRICT_PROTOTYPES = YES;
				CLANG_WARN_SUSPICIOUS_MOVE = YES;
				CLANG_WARN_UNGUARDED_AVAILABILITY = YES_AGGRESSIVE;
				CLANG_WARN_UNREACHABLE_CODE = YES;
				CLANG_WARN__DUPLICATE_METHOD_MATCH = YES;
				COPY_PHASE_STRIP = NO;
				DEBUG_INFORMATION_FORMAT = "dwarf-with-dsym";
				ENABLE_NS_ASSERTIONS = NO;
				ENABLE_STRICT_OBJC_MSGSEND = YES;
				ENABLE_USER_SCRIPT_SANDBOXING = YES;
				GCC_C_LANGUAGE_STANDARD = gnu17;
				GCC_NO_COMMON_BLOCKS = YES;
				GCC_WARN_64_TO_32_BIT_CONVERSION = YES;
				GCC_WARN_ABOUT_RETURN_TYPE = YES_ERROR;
				GCC_WARN_UNDECLARED_SELECTOR = YES;
				GCC_WARN_UNINITIALIZED_AUTOS = YES_AGGRESSIVE;
				GCC_WARN_UNUSED_FUNCTION = YES;
				GCC_WARN_UNUSED_VARIABLE = YES;
				IPHONEOS_DEPLOYMENT_TARGET = 18.5;
				LOCALIZATION_PREFERS_STRING_CATALOGS = YES;
				MTL_ENABLE_DEBUG_INFO = NO;
				MTL_FAST_MATH = YES;
				SDKROOT = iphoneos;
				SWIFT_COMPILATION_MODE = wholemodule;
				VALIDATE_PRODUCT = YES;
			};
			name = Release;
		};
		E1BB0C0E2E2EF8E300DB1A6B /* Debug */ = {
			isa = XCBuildConfiguration;
			buildSettings = {
				ASSETCATALOG_COMPILER_APPICON_NAME = AppIcon;
				ASSETCATALOG_COMPILER_GLOBAL_ACCENT_COLOR_NAME = AccentColor;
				CODE_SIGN_STYLE = Automatic;
				CURRENT_PROJECT_VERSION = 1;
				ENABLE_PREVIEWS = YES;
				GENERATE_INFOPLIST_FILE = YES;
				INFOPLIST_KEY_UIApplicationSceneManifest_Generation = YES;
				INFOPLIST_KEY_UIApplicationSupportsIndirectInputEvents = YES;
				INFOPLIST_KEY_UILaunchScreen_Generation = YES;
				INFOPLIST_KEY_UISupportedInterfaceOrientations_iPad = "UIInterfaceOrientationPortrait UIInterfaceOrientationPortraitUpsideDown UIInterfaceOrientationLandscapeLeft UIInterfaceOrientationLandscapeRight";
				INFOPLIST_KEY_UISupportedInterfaceOrientations_iPhone = "UIInterfaceOrientationPortrait UIInterfaceOrientationLandscapeLeft UIInterfaceOrientationLandscapeRight";
				LD_RUNPATH_SEARCH_PATHS = (
					"$(inherited)",
					"@executable_path/Frameworks",
				);
				MARKETING_VERSION = 1.0;
				PRODUCT_BUNDLE_IDENTIFIER = "nakagawa.left-days";
				PRODUCT_NAME = "$(TARGET_NAME)";
				SWIFT_EMIT_LOC_STRINGS = YES;
				SWIFT_VERSION = 5.0;
				TARGETED_DEVICE_FAMILY = "1,2";
			};
			name = Debug;
		};
		E1BB0C0F2E2EF8E300DB1A6B /* Release */ = {
			isa = XCBuildConfiguration;
			buildSettings = {
				ASSETCATALOG_COMPILER_APPICON_NAME = AppIcon;
				ASSETCATALOG_COMPILER_GLOBAL_ACCENT_COLOR_NAME = AccentColor;
				CODE_SIGN_STYLE = Automatic;
				CURRENT_PROJECT_VERSION = 1;
				ENABLE_PREVIEWS = YES;
				GENERATE_INFOPLIST_FILE = YES;
				INFOPLIST_KEY_UIApplicationSceneManifest_Generation = YES;
				INFOPLIST_KEY_UIApplicationSupportsIndirectInputEvents = YES;
				INFOPLIST_KEY_UILaunchScreen_Generation = YES;
				INFOPLIST_KEY_UISupportedInterfaceOrientations_iPad = "UIInterfaceOrientationPortrait UIInterfaceOrientationPortraitUpsideDown UIInterfaceOrientationLandscapeLeft UIInterfaceOrientationLandscapeRight";
				INFOPLIST_KEY_UISupportedInterfaceOrientations_iPhone = "UIInterfaceOrientationPortrait UIInterfaceOrientationLandscapeLeft UIInterfaceOrientationLandscapeRight";
				LD_RUNPATH_SEARCH_PATHS = (
					"$(inherited)",
					"@executable_path/Frameworks",
				);
				MARKETING_VERSION = 1.0;
				PRODUCT_BUNDLE_IDENTIFIER = "nakagawa.left-days";
				PRODUCT_NAME = "$(TARGET_NAME)";
				SWIFT_EMIT_LOC_STRINGS = YES;
				SWIFT_VERSION = 5.0;
				TARGETED_DEVICE_FAMILY = "1,2";
			};
			name = Release;
		};
		E1BB0C112E2EF8E300DB1A6B /* Debug */ = {
			isa = XCBuildConfiguration;
			buildSettings = {
				BUNDLE_LOADER = "$(TEST_HOST)";
				CODE_SIGN_STYLE = Automatic;
				CURRENT_PROJECT_VERSION = 1;
				GENERATE_INFOPLIST_FILE = YES;
				IPHONEOS_DEPLOYMENT_TARGET = 18.5;
				MARKETING_VERSION = 1.0;
				PRODUCT_BUNDLE_IDENTIFIER = "nakagawa.left-daysTests";
				PRODUCT_NAME = "$(TARGET_NAME)";
				SWIFT_EMIT_LOC_STRINGS = NO;
				SWIFT_VERSION = 5.0;
				TARGETED_DEVICE_FAMILY = "1,2";
				TEST_HOST = "$(BUILT_PRODUCTS_DIR)/left_days.app/$(BUNDLE_EXECUTABLE_FOLDER_PATH)/left_days";
			};
			name = Debug;
		};
		E1BB0C122E2EF8E300DB1A6B /* Release */ = {
			isa = XCBuildConfiguration;
			buildSettings = {
				BUNDLE_LOADER = "$(TEST_HOST)";
				CODE_SIGN_STYLE = Automatic;
				CURRENT_PROJECT_VERSION = 1;
				GENERATE_INFOPLIST_FILE = YES;
				IPHONEOS_DEPLOYMENT_TARGET = 18.5;
				MARKETING_VERSION = 1.0;
				PRODUCT_BUNDLE_IDENTIFIER = "nakagawa.left-daysTests";
				PRODUCT_NAME = "$(TARGET_NAME)";
				SWIFT_EMIT_LOC_STRINGS = NO;
				SWIFT_VERSION = 5.0;
				TARGETED_DEVICE_FAMILY = "1,2";
				TEST_HOST = "$(BUILT_PRODUCTS_DIR)/left_days.app/$(BUNDLE_EXECUTABLE_FOLDER_PATH)/left_days";
			};
			name = Release;
		};
		E1BB0C142E2EF8E300DB1A6B /* Debug */ = {
			isa = XCBuildConfiguration;
			buildSettings = {
				CODE_SIGN_STYLE = Automatic;
				CURRENT_PROJECT_VERSION = 1;
				GENERATE_INFOPLIST_FILE = YES;
				MARKETING_VERSION = 1.0;
				PRODUCT_BUNDLE_IDENTIFIER = "nakagawa.left-daysUITests";
				PRODUCT_NAME = "$(TARGET_NAME)";
				SWIFT_EMIT_LOC_STRINGS = NO;
				SWIFT_VERSION = 5.0;
				TARGETED_DEVICE_FAMILY = "1,2";
				TEST_TARGET_NAME = left_days;
			};
			name = Debug;
		};
		E1BB0C152E2EF8E300DB1A6B /* Release */ = {
			isa = XCBuildConfiguration;
			buildSettings = {
				CODE_SIGN_STYLE = Automatic;
				CURRENT_PROJECT_VERSION = 1;
				GENERATE_INFOPLIST_FILE = YES;
				MARKETING_VERSION = 1.0;
				PRODUCT_BUNDLE_IDENTIFIER = "nakagawa.left-daysUITests";
				PRODUCT_NAME = "$(TARGET_NAME)";
				SWIFT_EMIT_LOC_STRINGS = NO;
				SWIFT_VERSION = 5.0;
				TARGETED_DEVICE_FAMILY = "1,2";
				TEST_TARGET_NAME = left_days;
			};
			name = Release;
		};
/* End XCBuildConfiguration section */

/* Begin XCConfigurationList section */
		E1BB0BE52E2EF8E100DB1A6B /* Build configuration list for PBXProject "left_days" */ = {
			isa = XCConfigurationList;
			buildConfigurations = (
				E1BB0C0B2E2EF8E300DB1A6B /* Debug */,
				E1BB0C0C2E2EF8E300DB1A6B /* Release */,
			);
			defaultConfigurationIsVisible = 0;
			defaultConfigurationName = Release;
		};
		E1BB0C0D2E2EF8E300DB1A6B /* Build configuration list for PBXNativeTarget "left_days" */ = {
			isa = XCConfigurationList;
			buildConfigurations = (
				E1BB0C0E2E2EF8E300DB1A6B /* Debug */,
				E1BB0C0F2E2EF8E300DB1A6B /* Release */,
			);
			defaultConfigurationIsVisible = 0;
			defaultConfigurationName = Release;
		};
		E1BB0C102E2EF8E300DB1A6B /* Build configuration list for PBXNativeTarget "left_daysTests" */ = {
			isa = XCConfigurationList;
			buildConfigurations = (
				E1BB0C112E2EF8E300DB1A6B /* Debug */,
				E1BB0C122E2EF8E300DB1A6B /* Release */,
			);
			defaultConfigurationIsVisible = 0;
			defaultConfigurationName = Release;
		};
		E1BB0C132E2EF8E300DB1A6B /* Build configuration list for PBXNativeTarget "left_daysUITests" */ = {
			isa = XCConfigurationList;
			buildConfigurations = (
				E1BB0C142E2EF8E300DB1A6B /* Debug */,
				E1BB0C152E2EF8E300DB1A6B /* Release */,
			);
			defaultConfigurationIsVisible = 0;
			defaultConfigurationName = Release;
		};
/* End XCConfigurationList section */
	};
	rootObject = E1BB0BE22E2EF8E100DB1A6B /* Project object */;
}
